
Microsoft Visual Studio Solution File, Format Version 12.00
# Visual Studio Version 17
VisualStudioVersion = 17.6.33829.357
MinimumVisualStudioVersion = 10.0.40219.1
Project("{FAE04EC0-301F-11D3-BF4B-00C04F79EFBC}") = "RealEstateApi", "RealEstateApi\RealEstateApi.csproj", "{51B05B74-A20E-4301-AF76-4753486BE92B}"
EndProject
Global
	GlobalSection(SolutionConfigurationPlatforms) = preSolution
		Debug|Any CPU = Debug|Any CPU
		Release|Any CPU = Release|Any CPU
	EndGlobalSection
	GlobalSection(ProjectConfigurationPlatforms) = postSolution
		{51B05B74-A20E-4301-AF76-4753486BE92B}.Debug|Any CPU.ActiveCfg = Debug|Any CPU
		{51B05B74-A20E-4301-AF76-4753486BE92B}.Debug|Any CPU.Build.0 = Debug|Any CPU
		{51B05B74-A20E-4301-AF76-4753486BE92B}.Release|Any CPU.ActiveCfg = Release|Any CPU
		{51B05B74-A20E-4301-AF76-4753486BE92B}.Release|Any CPU.Build.0 = Release|Any CPU
	EndGlobalSection
	GlobalSection(SolutionProperties) = preSolution
		HideSolutionNode = FALSE
	EndGlobalSection
	GlobalSection(ExtensibilityGlobals) = postSolution
		SolutionGuid = {AFCAB5E7-F0BC-4E61-9A2F-76A7AC416E15}
	EndGlobalSection
EndGlobal
